
Microsoft Visual Studio Solution File, Format Version 12.00
# Visual Studio Version 17
VisualStudioVersion = 17.6.33815.320
MinimumVisualStudioVersion = 10.0.40219.1
Project("{FAE04EC0-301F-11D3-BF4B-00C04F79EFBC}") = "Задание3", "Задание3\Задание3.csproj", "{B7450B67-30DB-40D6-B6E3-23480BF4C18E}"
EndProject
Global
	GlobalSection(SolutionConfigurationPlatforms) = preSolution
		Debug|Any CPU = Debug|Any CPU
		Release|Any CPU = Release|Any CPU
	EndGlobalSection
	GlobalSection(ProjectConfigurationPlatforms) = postSolution
		{B7450B67-30DB-40D6-B6E3-23480BF4C18E}.Debug|Any CPU.ActiveCfg = Debug|Any CPU
		{B7450B67-30DB-40D6-B6E3-23480BF4C18E}.Debug|Any CPU.Build.0 = Debug|Any CPU
		{B7450B67-30DB-40D6-B6E3-23480BF4C18E}.Release|Any CPU.ActiveCfg = Release|Any CPU
		{B7450B67-30DB-40D6-B6E3-23480BF4C18E}.Release|Any CPU.Build.0 = Release|Any CPU
	EndGlobalSection
	GlobalSection(SolutionProperties) = preSolution
		HideSolutionNode = FALSE
	EndGlobalSection
	GlobalSection(ExtensibilityGlobals) = postSolution
		SolutionGuid = {712663A5-CFE4-43E4-9867-6E36F5DE4FEA}
	EndGlobalSection
EndGlobal
